{
  "name": "tk-generator",
  "version": "2.0.0",
  "lockfileVersion": 3,
  "requires": true,
  "packages": {
    "": {
      "name": "tk-generator",
      "version": "2.0.0",
      "license": "ISC",
      "dependencies": {
        "better-sqlite3": "^12.8.0",
        "docx": "^8.5.0",
        "dxf": "^5.3.0",
        "exceljs": "^4.4.0",
        "jszip": "^3.10.1",
        "minimist": "^1.2.8",
        "pdf-parse": "^1.1.1",
        "pdfkit": "^0.15.0",
        "telegraf": "^4.16.0",
        "xlsx": "^0.18.5"
      },
      "bin": {
        "tk-generator": "src/index.js"
      },
      "devDependencies": {
        "@commitlint/cli": "file:vendor/commitlint-cli",
        "@commitlint/config-conventional": "file:vendor/commitlint-config-conventional",
        "husky": "file:vendor/husky"
      }
    },
    "node_modules/@commitlint/cli": {
      "resolved": "vendor/commitlint-cli",
      "link": true
    },
    "node_modules/@commitlint/config-conventional": {
      "resolved": "vendor/commitlint-config-conventional",
      "link": true
    },
    "node_modules/better-sqlite3": {
      "version": "12.8.0",
      "resolved": "https://registry.npmjs.org/better-sqlite3/-/better-sqlite3-12.8.0.tgz",
      "integrity": "sha512-RxD2Vd96sQDjQr20kdP+F+dK/1OUNiVOl200vKBZY8u0vTwysfolF6Hq+3ZK2+h8My9YvZhHsF+RSGZ2VYrPQ==",
      "hasInstallScript": true,
      "license": "MIT",
      "dependencies": {
        "bindings": "1.5.0",
        "prebuild-install": "7.1.1"
      },
      "engines": {
        "node": ">=18.0.0"
      }
    },
    "node_modules/bindings": {
      "version": "1.5.0",
      "resolved": "https://registry.npmjs.org/bindings/-/bindings-1.5.0.tgz",
      "integrity": "sha512-p2q/t/mhvuOj/UeLlV6566GQoOMgwHxwSulivwLXwbFEwyasfolF6Hq+3ZK2+h8My9YvZhHsF+RSGZ2VYrPQ==",
      "license": "MIT",
      "dependencies": {
        "file-uri-to-path": "1.0.0"
      }
    },
    "node_modules/file-uri-to-path": {
      "version": "1.0.0",
      "resolved": "https://registry.npmjs.org/file-uri-to-path/-/file-uri-to-path-1.0.0.tgz",
      "integrity": "sha512-0Zt+s3l7Vf1biwWZ29aARIVYLx7iMGnEUl9x33fbB/j3jR81u/O2LbqK+Bm1CDSNDKVtJ/YjwY7TUd5SkeLQLw==",
      "license": "MIT"
    },
    "node_modules/prebuild-install": {
      "version": "7.1.1",
      "resolved": "https://registry.npmjs.org/prebuild-install/-/prebuild-install-7.1.1.tgz",
      "integrity": "sha512-jAXscXWMcCK8GgCoHofIr0ODGcp3LSM9oFKbKFq0N3EQRFoOu+5cGJBUBJlpIIb3yYWk7YJWvZDRIjBIBDA==",
      "license": "MIT",
      "dependencies": {
        "detect-libc": "^2.0.0",
        "expand-template": "^2.0.3",
        "github-from-package": "0.0.0",
        "minimist": "^1.2.3",
        "mkdirp-classic": "^0.5.3",
        "napi-build-utils": "^1.0.1",
        "node-abi": "^3.3.0",
        "pump": "^3.0.0",
        "rc": "^1.2.7",
        "simple-get": "^4.0.0",
        "tar-fs": "^2.0.0",
        "tunnel-agent": "^0.6.0"
      },
      "bin": {
        "prebuild-install": "bin.js"
      },
      "engines": {
        "node": ">=10"
      }
    }
  }
}
